
Microsoft Visual Studio Solution File, Format Version 10.00
# Visual Studio 2008
Project("{D183A3D8-5FD8-494B-B014-37F57B35E655}") = "Cargue Estadisticas Producción", "Cargue Estadisticas Producción\Cargue Estadisticas Producción.dtproj", "{264C02A9-0C63-4676-819E-F72E038CF1F8}"
EndProject
Global
	GlobalSection(SolutionConfigurationPlatforms) = preSolution
		Development|Default = Development|Default
	EndGlobalSection
	GlobalSection(ProjectConfigurationPlatforms) = postSolution
		{264C02A9-0C63-4676-819E-F72E038CF1F8}.Development|Default.ActiveCfg = Development
		{264C02A9-0C63-4676-819E-F72E038CF1F8}.Development|Default.Build.0 = Development
	EndGlobalSection
	GlobalSection(SolutionProperties) = preSolution
		HideSolutionNode = FALSE
	EndGlobalSection
EndGlobal
