
Microsoft Visual Studio Solution File, Format Version 11.00
# Visual Studio 2010
Project("{FAE04EC0-301F-11D3-BF4B-00C04F79EFBC}") = "LauncherVerifier", "LauncherVerifier\LauncherVerifier.csproj", "{6AB8C745-9184-43ED-99F1-55D807B340E2}"
EndProject
Project("{FAE04EC0-301F-11D3-BF4B-00C04F79EFBC}") = "LauncherVerifier.XML", "LauncherVerifier.XML\LauncherVerifier.XML.csproj", "{99517918-3538-4DC7-A31A-C9535D473D54}"
EndProject
Project("{FAE04EC0-301F-11D3-BF4B-00C04F79EFBC}") = "LauncherVerifier.Models", "LauncherVerifier.Models\LauncherVerifier.Models.csproj", "{08CE0865-84E4-4473-AEC9-AC7C758FE1BB}"
EndProject
Project("{FAE04EC0-301F-11D3-BF4B-00C04F79EFBC}") = "Launcher.test", "Launcher.test\Launcher.test.csproj", "{14195369-60FA-49EF-AC00-4E67F232BE1E}"
EndProject
Project("{2150E333-8FDC-42A3-9474-1A3956D46DE8}") = "Solution Items", "Solution Items", "{3299C5E2-DFB5-4508-8A69-968568295BC0}"
	ProjectSection(SolutionItems) = preProject
		LauncherVerifier.vsmdi = LauncherVerifier.vsmdi
		Local.testsettings = Local.testsettings
		TraceAndTestImpact.testsettings = TraceAndTestImpact.testsettings
	EndProjectSection
EndProject
Global
	GlobalSection(TestCaseManagementSettings) = postSolution
		CategoryFile = LauncherVerifier.vsmdi
	EndGlobalSection
	GlobalSection(SolutionConfigurationPlatforms) = preSolution
		Debug|Any CPU = Debug|Any CPU
		Debug|Mixed Platforms = Debug|Mixed Platforms
		Debug|x86 = Debug|x86
		Release|Any CPU = Release|Any CPU
		Release|Mixed Platforms = Release|Mixed Platforms
		Release|x86 = Release|x86
	EndGlobalSection
	GlobalSection(ProjectConfigurationPlatforms) = postSolution
		{6AB8C745-9184-43ED-99F1-55D807B340E2}.Debug|Any CPU.ActiveCfg = Debug|x86
		{6AB8C745-9184-43ED-99F1-55D807B340E2}.Debug|Mixed Platforms.ActiveCfg = Debug|x86
		{6AB8C745-9184-43ED-99F1-55D807B340E2}.Debug|Mixed Platforms.Build.0 = Debug|x86
		{6AB8C745-9184-43ED-99F1-55D807B340E2}.Debug|x86.ActiveCfg = Debug|x86
		{6AB8C745-9184-43ED-99F1-55D807B340E2}.Debug|x86.Build.0 = Debug|x86
		{6AB8C745-9184-43ED-99F1-55D807B340E2}.Release|Any CPU.ActiveCfg = Release|x86
		{6AB8C745-9184-43ED-99F1-55D807B340E2}.Release|Mixed Platforms.ActiveCfg = Release|x86
		{6AB8C745-9184-43ED-99F1-55D807B340E2}.Release|Mixed Platforms.Build.0 = Release|x86
		{6AB8C745-9184-43ED-99F1-55D807B340E2}.Release|x86.ActiveCfg = Release|x86
		{6AB8C745-9184-43ED-99F1-55D807B340E2}.Release|x86.Build.0 = Release|x86
		{99517918-3538-4DC7-A31A-C9535D473D54}.Debug|Any CPU.ActiveCfg = Debug|Any CPU
		{99517918-3538-4DC7-A31A-C9535D473D54}.Debug|Any CPU.Build.0 = Debug|Any CPU
		{99517918-3538-4DC7-A31A-C9535D473D54}.Debug|Mixed Platforms.ActiveCfg = Debug|Any CPU
		{99517918-3538-4DC7-A31A-C9535D473D54}.Debug|Mixed Platforms.Build.0 = Debug|Any CPU
		{99517918-3538-4DC7-A31A-C9535D473D54}.Debug|x86.ActiveCfg = Debug|Any CPU
		{99517918-3538-4DC7-A31A-C9535D473D54}.Release|Any CPU.ActiveCfg = Release|Any CPU
		{99517918-3538-4DC7-A31A-C9535D473D54}.Release|Any CPU.Build.0 = Release|Any CPU
		{99517918-3538-4DC7-A31A-C9535D473D54}.Release|Mixed Platforms.ActiveCfg = Release|Any CPU
		{99517918-3538-4DC7-A31A-C9535D473D54}.Release|Mixed Platforms.Build.0 = Release|Any CPU
		{99517918-3538-4DC7-A31A-C9535D473D54}.Release|x86.ActiveCfg = Release|Any CPU
		{08CE0865-84E4-4473-AEC9-AC7C758FE1BB}.Debug|Any CPU.ActiveCfg = Debug|Any CPU
		{08CE0865-84E4-4473-AEC9-AC7C758FE1BB}.Debug|Any CPU.Build.0 = Debug|Any CPU
		{08CE0865-84E4-4473-AEC9-AC7C758FE1BB}.Debug|Mixed Platforms.ActiveCfg = Debug|Any CPU
		{08CE0865-84E4-4473-AEC9-AC7C758FE1BB}.Debug|Mixed Platforms.Build.0 = Debug|Any CPU
		{08CE0865-84E4-4473-AEC9-AC7C758FE1BB}.Debug|x86.ActiveCfg = Debug|Any CPU
		{08CE0865-84E4-4473-AEC9-AC7C758FE1BB}.Release|Any CPU.ActiveCfg = Release|Any CPU
		{08CE0865-84E4-4473-AEC9-AC7C758FE1BB}.Release|Any CPU.Build.0 = Release|Any CPU
		{08CE0865-84E4-4473-AEC9-AC7C758FE1BB}.Release|Mixed Platforms.ActiveCfg = Release|Any CPU
		{08CE0865-84E4-4473-AEC9-AC7C758FE1BB}.Release|Mixed Platforms.Build.0 = Release|Any CPU
		{08CE0865-84E4-4473-AEC9-AC7C758FE1BB}.Release|x86.ActiveCfg = Release|Any CPU
		{14195369-60FA-49EF-AC00-4E67F232BE1E}.Debug|Any CPU.ActiveCfg = Debug|Any CPU
		{14195369-60FA-49EF-AC00-4E67F232BE1E}.Debug|Any CPU.Build.0 = Debug|Any CPU
		{14195369-60FA-49EF-AC00-4E67F232BE1E}.Debug|Mixed Platforms.ActiveCfg = Debug|Any CPU
		{14195369-60FA-49EF-AC00-4E67F232BE1E}.Debug|Mixed Platforms.Build.0 = Debug|Any CPU
		{14195369-60FA-49EF-AC00-4E67F232BE1E}.Debug|x86.ActiveCfg = Debug|Any CPU
		{14195369-60FA-49EF-AC00-4E67F232BE1E}.Release|Any CPU.ActiveCfg = Release|Any CPU
		{14195369-60FA-49EF-AC00-4E67F232BE1E}.Release|Any CPU.Build.0 = Release|Any CPU
		{14195369-60FA-49EF-AC00-4E67F232BE1E}.Release|Mixed Platforms.ActiveCfg = Release|Any CPU
		{14195369-60FA-49EF-AC00-4E67F232BE1E}.Release|Mixed Platforms.Build.0 = Release|Any CPU
		{14195369-60FA-49EF-AC00-4E67F232BE1E}.Release|x86.ActiveCfg = Release|Any CPU
	EndGlobalSection
	GlobalSection(SolutionProperties) = preSolution
		HideSolutionNode = FALSE
	EndGlobalSection
EndGlobal
