
Microsoft Visual Studio Solution File, Format Version 10.00
# Visual Studio 2008
Project("{FAE04EC0-301F-11D3-BF4B-00C04F79EFBC}") = "EmuladorAutenticacion", "EmuladorAutenticacion\EmuladorAutenticacion.csproj", "{8DDD0B23-7C40-49D7-9731-0853774BEAF8}"
EndProject
Global
	GlobalSection(SolutionConfigurationPlatforms) = preSolution
		Debug|Any CPU = Debug|Any CPU
		Release|Any CPU = Release|Any CPU
	EndGlobalSection
	GlobalSection(ProjectConfigurationPlatforms) = postSolution
		{8DDD0B23-7C40-49D7-9731-0853774BEAF8}.Debug|Any CPU.ActiveCfg = Debug|Any CPU
		{8DDD0B23-7C40-49D7-9731-0853774BEAF8}.Debug|Any CPU.Build.0 = Debug|Any CPU
		{8DDD0B23-7C40-49D7-9731-0853774BEAF8}.Release|Any CPU.ActiveCfg = Release|Any CPU
		{8DDD0B23-7C40-49D7-9731-0853774BEAF8}.Release|Any CPU.Build.0 = Release|Any CPU
	EndGlobalSection
	GlobalSection(SolutionProperties) = preSolution
		HideSolutionNode = FALSE
	EndGlobalSection
EndGlobal
