
Microsoft Visual Studio Solution File, Format Version 10.00
# Visual Studio 2008
Project("{D183A3D8-5FD8-494B-B014-37F57B35E655}") = "ReporteAcumuladoProduccionDiaria", "ReporteAcumuladoProduccionDiaria\ReporteAcumuladoProduccionDiaria.dtproj", "{DE27F9E0-6A81-4203-B924-AB0712D1E3C9}"
EndProject
Global
	GlobalSection(SolutionConfigurationPlatforms) = preSolution
		Development|Default = Development|Default
	EndGlobalSection
	GlobalSection(ProjectConfigurationPlatforms) = postSolution
		{DE27F9E0-6A81-4203-B924-AB0712D1E3C9}.Development|Default.ActiveCfg = Development
		{DE27F9E0-6A81-4203-B924-AB0712D1E3C9}.Development|Default.Build.0 = Development
	EndGlobalSection
	GlobalSection(SolutionProperties) = preSolution
		HideSolutionNode = FALSE
	EndGlobalSection
EndGlobal
