
Microsoft Visual Studio Solution File, Format Version 9.00
# Visual Studio 2005
Project("{D183A3D8-5FD8-494B-B014-37F57B35E655}") = "LoadingCompaniesHomePage", "LoadingCompaniesHomePage\LoadingCompaniesHomePage.dtproj", "{A315B0AB-1975-4926-A290-41EFF660856D}"
EndProject
Global
	GlobalSection(SolutionConfigurationPlatforms) = preSolution
		Development|Default = Development|Default
	EndGlobalSection
	GlobalSection(ProjectConfigurationPlatforms) = postSolution
		{A315B0AB-1975-4926-A290-41EFF660856D}.Development|Default.ActiveCfg = Development
		{A315B0AB-1975-4926-A290-41EFF660856D}.Development|Default.Build.0 = Development
	EndGlobalSection
	GlobalSection(SolutionProperties) = preSolution
		HideSolutionNode = FALSE
	EndGlobalSection
EndGlobal
