
Microsoft Visual Studio Solution File, Format Version 10.00
# Visual Studio 2008
Project("{D183A3D8-5FD8-494B-B014-37F57B35E655}") = "Cargue Campanas", "Cargue Campanas\Cargue Campanas.dtproj", "{D569A86A-803E-4C67-9301-6C14585597C0}"
EndProject
Global
	GlobalSection(SolutionConfigurationPlatforms) = preSolution
		Development|Default = Development|Default
	EndGlobalSection
	GlobalSection(ProjectConfigurationPlatforms) = postSolution
		{D569A86A-803E-4C67-9301-6C14585597C0}.Development|Default.ActiveCfg = Development
		{D569A86A-803E-4C67-9301-6C14585597C0}.Development|Default.Build.0 = Development
	EndGlobalSection
	GlobalSection(SolutionProperties) = preSolution
		HideSolutionNode = FALSE
	EndGlobalSection
EndGlobal
